
Microsoft Visual Studio Solution File, Format Version 12.00
# Visual Studio Version 16
VisualStudioVersion = 16.0.29519.87
MinimumVisualStudioVersion = 10.0.40219.1
Project("{9A19103F-16F7-4668-BE54-9A1E7A4F7556}") = "PossumLabs.DSL.Core", "src\PossumLabs.DSL.Core\PossumLabs.DSL.Core.csproj", "{773E8242-0C75-4B59-9C2A-9ACF653AB8E9}"
EndProject
Project("{9A19103F-16F7-4668-BE54-9A1E7A4F7556}") = "PossumLabs.DSL.DataGeneration", "src\PossumLabs.DSL.DataGeneration\PossumLabs.DSL.DataGeneration.csproj", "{0B948E26-0A1B-4F4B-B574-C336EA5DD6C4}"
EndProject
Project("{9A19103F-16F7-4668-BE54-9A1E7A4F7556}") = "PossumLabs.DSL.English", "src\PossumLabs.DSL.English\PossumLabs.DSL.English.csproj", "{B132BA34-904A-4B7C-BE35-941E2015266B}"
EndProject
Project("{9A19103F-16F7-4668-BE54-9A1E7A4F7556}") = "PossumLabs.DSL.Web", "src\PossumLabs.DSL.Web\PossumLabs.DSL.Web.csproj", "{9D700012-53C1-44EB-865E-78DA1523AAF6}"
EndProject
Project("{2150E333-8FDC-42A3-9474-1A3956D46DE8}") = "tests", "tests", "{845D75B3-BA03-406C-ACA7-43086CCB864B}"
EndProject
Project("{9A19103F-16F7-4668-BE54-9A1E7A4F7556}") = "PossumLabs.DSL.DataGeneration.UnitTests", "tests\PossumLabs.DSL.DataGeneration.UnitTests\PossumLabs.DSL.DataGeneration.UnitTests.csproj", "{97A92635-2000-4D7D-B3A3-66774F6B9660}"
EndProject
Project("{9A19103F-16F7-4668-BE54-9A1E7A4F7556}") = "PossumLabs.DSL.Core.UnitTests", "tests\PossumLabs.DSL.Core.UnitTests\PossumLabs.DSL.Core.UnitTests.csproj", "{A20F3A96-A8A9-4FCA-ABD0-8401CD98503D}"
EndProject
Project("{9A19103F-16F7-4668-BE54-9A1E7A4F7556}") = "PossumLabs.DSL.Web.UnitTest", "tests\PossumLabs.DSL.Web.UnitTest\PossumLabs.DSL.Web.UnitTest.csproj", "{38D85BB5-30E2-46A6-917F-11D1C5CDAC7F}"
EndProject
Project("{9A19103F-16F7-4668-BE54-9A1E7A4F7556}") = "PossumLabs.DSL.English.IntegrationTests", "tests\PossumLabs.DSL.English.IntegrationTests\PossumLabs.DSL.English.IntegrationTests.csproj", "{4BB71A8A-0B39-406C-B938-65AD1A6AC304}"
EndProject
Project("{9A19103F-16F7-4668-BE54-9A1E7A4F7556}") = "PossumLabs.DSL.Web.IntegrationTests", "tests\PossumLabs.DSL.Web.IntegrationTests\PossumLabs.DSL.Web.IntegrationTests.csproj", "{DAABCE43-9584-44DE-97F3-3374C3AB06EE}"
EndProject
Project("{9A19103F-16F7-4668-BE54-9A1E7A4F7556}") = "PossumLabs.DSL.Core.IntegrationTests", "tests\PossumLabs.DSL.Core.IntegrationTests\PossumLabs.DSL.Core.IntegrationTests.csproj", "{5F81FCC7-123F-4978-8BD1-31EB934279EC}"
EndProject
Project("{9A19103F-16F7-4668-BE54-9A1E7A4F7556}") = "PossumLabs.DSL.Slipka", "src\PossumLabs.DSL.Slipka\PossumLabs.DSL.Slipka.csproj", "{52B1EEB9-E24B-4B1D-BFF6-8FD765E74E07}"
EndProject
Project("{9A19103F-16F7-4668-BE54-9A1E7A4F7556}") = "PossumLabs.DSL.Slipka.IntegrationTests", "tests\PossumLabs.DSL.Slipka.IntegrationTests\PossumLabs.DSL.Slipka.IntegrationTests.csproj", "{FB165A21-B484-4EAA-95BA-CBF8ED69CCE9}"
EndProject
Project("{2150E333-8FDC-42A3-9474-1A3956D46DE8}") = "Solution Items", "Solution Items", "{359D4506-ED5D-4501-BF55-82B5FA58E935}"
EndProject
Project("{9A19103F-16F7-4668-BE54-9A1E7A4F7556}") = "PossumLabs.DSL.Gherkin", "src\PossumLabs.DSL.Gherkin\PossumLabs.DSL.Gherkin.csproj", "{CE03EA9A-228E-4DA4-9DB8-C07BF2475E16}"
EndProject
Project("{FAE04EC0-301F-11D3-BF4B-00C04F79EFBC}") = "PossumLabs.DSL.English.NewProjectSimulation", "tests\PossumLabs.DSL.English.NewProjectSimulation\PossumLabs.DSL.English.NewProjectSimulation.csproj", "{790EB4CA-2942-48ED-B00C-677933400E1B}"
EndProject
Global
	GlobalSection(SolutionConfigurationPlatforms) = preSolution
		Debug|Any CPU = Debug|Any CPU
		Release|Any CPU = Release|Any CPU
	EndGlobalSection
	GlobalSection(ProjectConfigurationPlatforms) = postSolution
		{773E8242-0C75-4B59-9C2A-9ACF653AB8E9}.Debug|Any CPU.ActiveCfg = Debug|Any CPU
		{773E8242-0C75-4B59-9C2A-9ACF653AB8E9}.Debug|Any CPU.Build.0 = Debug|Any CPU
		{773E8242-0C75-4B59-9C2A-9ACF653AB8E9}.Release|Any CPU.ActiveCfg = Release|Any CPU
		{773E8242-0C75-4B59-9C2A-9ACF653AB8E9}.Release|Any CPU.Build.0 = Release|Any CPU
		{0B948E26-0A1B-4F4B-B574-C336EA5DD6C4}.Debug|Any CPU.ActiveCfg = Debug|Any CPU
		{0B948E26-0A1B-4F4B-B574-C336EA5DD6C4}.Debug|Any CPU.Build.0 = Debug|Any CPU
		{0B948E26-0A1B-4F4B-B574-C336EA5DD6C4}.Release|Any CPU.ActiveCfg = Release|Any CPU
		{0B948E26-0A1B-4F4B-B574-C336EA5DD6C4}.Release|Any CPU.Build.0 = Release|Any CPU
		{B132BA34-904A-4B7C-BE35-941E2015266B}.Debug|Any CPU.ActiveCfg = Debug|Any CPU
		{B132BA34-904A-4B7C-BE35-941E2015266B}.Debug|Any CPU.Build.0 = Debug|Any CPU
		{B132BA34-904A-4B7C-BE35-941E2015266B}.Release|Any CPU.ActiveCfg = Release|Any CPU
		{B132BA34-904A-4B7C-BE35-941E2015266B}.Release|Any CPU.Build.0 = Release|Any CPU
		{9D700012-53C1-44EB-865E-78DA1523AAF6}.Debug|Any CPU.ActiveCfg = Debug|Any CPU
		{9D700012-53C1-44EB-865E-78DA1523AAF6}.Debug|Any CPU.Build.0 = Debug|Any CPU
		{9D700012-53C1-44EB-865E-78DA1523AAF6}.Release|Any CPU.ActiveCfg = Release|Any CPU
		{9D700012-53C1-44EB-865E-78DA1523AAF6}.Release|Any CPU.Build.0 = Release|Any CPU
		{97A92635-2000-4D7D-B3A3-66774F6B9660}.Debug|Any CPU.ActiveCfg = Debug|Any CPU
		{97A92635-2000-4D7D-B3A3-66774F6B9660}.Debug|Any CPU.Build.0 = Debug|Any CPU
		{97A92635-2000-4D7D-B3A3-66774F6B9660}.Release|Any CPU.ActiveCfg = Release|Any CPU
		{97A92635-2000-4D7D-B3A3-66774F6B9660}.Release|Any CPU.Build.0 = Release|Any CPU
		{A20F3A96-A8A9-4FCA-ABD0-8401CD98503D}.Debug|Any CPU.ActiveCfg = Debug|Any CPU
		{A20F3A96-A8A9-4FCA-ABD0-8401CD98503D}.Debug|Any CPU.Build.0 = Debug|Any CPU
		{A20F3A96-A8A9-4FCA-ABD0-8401CD98503D}.Release|Any CPU.ActiveCfg = Release|Any CPU
		{A20F3A96-A8A9-4FCA-ABD0-8401CD98503D}.Release|Any CPU.Build.0 = Release|Any CPU
		{38D85BB5-30E2-46A6-917F-11D1C5CDAC7F}.Debug|Any CPU.ActiveCfg = Debug|Any CPU
		{38D85BB5-30E2-46A6-917F-11D1C5CDAC7F}.Debug|Any CPU.Build.0 = Debug|Any CPU
		{38D85BB5-30E2-46A6-917F-11D1C5CDAC7F}.Release|Any CPU.ActiveCfg = Release|Any CPU
		{38D85BB5-30E2-46A6-917F-11D1C5CDAC7F}.Release|Any CPU.Build.0 = Release|Any CPU
		{4BB71A8A-0B39-406C-B938-65AD1A6AC304}.Debug|Any CPU.ActiveCfg = Debug|Any CPU
		{4BB71A8A-0B39-406C-B938-65AD1A6AC304}.Debug|Any CPU.Build.0 = Debug|Any CPU
		{4BB71A8A-0B39-406C-B938-65AD1A6AC304}.Release|Any CPU.ActiveCfg = Release|Any CPU
		{4BB71A8A-0B39-406C-B938-65AD1A6AC304}.Release|Any CPU.Build.0 = Release|Any CPU
		{DAABCE43-9584-44DE-97F3-3374C3AB06EE}.Debug|Any CPU.ActiveCfg = Debug|Any CPU
		{DAABCE43-9584-44DE-97F3-3374C3AB06EE}.Debug|Any CPU.Build.0 = Debug|Any CPU
		{DAABCE43-9584-44DE-97F3-3374C3AB06EE}.Release|Any CPU.ActiveCfg = Release|Any CPU
		{DAABCE43-9584-44DE-97F3-3374C3AB06EE}.Release|Any CPU.Build.0 = Release|Any CPU
		{5F81FCC7-123F-4978-8BD1-31EB934279EC}.Debug|Any CPU.ActiveCfg = Debug|Any CPU
		{5F81FCC7-123F-4978-8BD1-31EB934279EC}.Debug|Any CPU.Build.0 = Debug|Any CPU
		{5F81FCC7-123F-4978-8BD1-31EB934279EC}.Release|Any CPU.ActiveCfg = Release|Any CPU
		{5F81FCC7-123F-4978-8BD1-31EB934279EC}.Release|Any CPU.Build.0 = Release|Any CPU
		{52B1EEB9-E24B-4B1D-BFF6-8FD765E74E07}.Debug|Any CPU.ActiveCfg = Debug|Any CPU
		{52B1EEB9-E24B-4B1D-BFF6-8FD765E74E07}.Debug|Any CPU.Build.0 = Debug|Any CPU
		{52B1EEB9-E24B-4B1D-BFF6-8FD765E74E07}.Release|Any CPU.ActiveCfg = Release|Any CPU
		{52B1EEB9-E24B-4B1D-BFF6-8FD765E74E07}.Release|Any CPU.Build.0 = Release|Any CPU
		{FB165A21-B484-4EAA-95BA-CBF8ED69CCE9}.Debug|Any CPU.ActiveCfg = Debug|Any CPU
		{FB165A21-B484-4EAA-95BA-CBF8ED69CCE9}.Debug|Any CPU.Build.0 = Debug|Any CPU
		{FB165A21-B484-4EAA-95BA-CBF8ED69CCE9}.Release|Any CPU.ActiveCfg = Release|Any CPU
		{FB165A21-B484-4EAA-95BA-CBF8ED69CCE9}.Release|Any CPU.Build.0 = Release|Any CPU
		{CE03EA9A-228E-4DA4-9DB8-C07BF2475E16}.Debug|Any CPU.ActiveCfg = Debug|Any CPU
		{CE03EA9A-228E-4DA4-9DB8-C07BF2475E16}.Debug|Any CPU.Build.0 = Debug|Any CPU
		{CE03EA9A-228E-4DA4-9DB8-C07BF2475E16}.Release|Any CPU.ActiveCfg = Release|Any CPU
		{CE03EA9A-228E-4DA4-9DB8-C07BF2475E16}.Release|Any CPU.Build.0 = Release|Any CPU
		{790EB4CA-2942-48ED-B00C-677933400E1B}.Debug|Any CPU.ActiveCfg = Debug|Any CPU
		{790EB4CA-2942-48ED-B00C-677933400E1B}.Debug|Any CPU.Build.0 = Debug|Any CPU
		{790EB4CA-2942-48ED-B00C-677933400E1B}.Release|Any CPU.ActiveCfg = Release|Any CPU
		{790EB4CA-2942-48ED-B00C-677933400E1B}.Release|Any CPU.Build.0 = Release|Any CPU
	EndGlobalSection
	GlobalSection(SolutionProperties) = preSolution
		HideSolutionNode = FALSE
	EndGlobalSection
	GlobalSection(NestedProjects) = preSolution
		{97A92635-2000-4D7D-B3A3-66774F6B9660} = {845D75B3-BA03-406C-ACA7-43086CCB864B}
		{A20F3A96-A8A9-4FCA-ABD0-8401CD98503D} = {845D75B3-BA03-406C-ACA7-43086CCB864B}
		{38D85BB5-30E2-46A6-917F-11D1C5CDAC7F} = {845D75B3-BA03-406C-ACA7-43086CCB864B}
		{4BB71A8A-0B39-406C-B938-65AD1A6AC304} = {845D75B3-BA03-406C-ACA7-43086CCB864B}
		{DAABCE43-9584-44DE-97F3-3374C3AB06EE} = {845D75B3-BA03-406C-ACA7-43086CCB864B}
		{5F81FCC7-123F-4978-8BD1-31EB934279EC} = {845D75B3-BA03-406C-ACA7-43086CCB864B}
		{FB165A21-B484-4EAA-95BA-CBF8ED69CCE9} = {845D75B3-BA03-406C-ACA7-43086CCB864B}
		{790EB4CA-2942-48ED-B00C-677933400E1B} = {845D75B3-BA03-406C-ACA7-43086CCB864B}
	EndGlobalSection
	GlobalSection(ExtensibilityGlobals) = postSolution
		SolutionGuid = {353EDF79-8122-4FFC-8F8C-15591D83EFDD}
	EndGlobalSection
EndGlobal
