
Microsoft Visual Studio Solution File, Format Version 12.00
# Visual Studio Version 16
VisualStudioVersion = 16.0.29519.87
MinimumVisualStudioVersion = 10.0.40219.1
Project("{9A19103F-16F7-4668-BE54-9A1E7A4F7556}") = "PossumLabs.DSL.Core", "src\PossumLabs.DSL.Core\PossumLabs.DSL.Core.csproj", "{773E8242-0C75-4B59-9C2A-9ACF653AB8E9}"
EndProject
Project("{9A19103F-16F7-4668-BE54-9A1E7A4F7556}") = "PossumLabs.DSL.DataGeneration", "src\PossumLabs.DSL.DataGeneration\PossumLabs.DSL.DataGeneration.csproj", "{0B948E26-0A1B-4F4B-B574-C336EA5DD6C4}"
EndProject
Project("{9A19103F-16F7-4668-BE54-9A1E7A4F7556}") = "PossumLabs.DSL.English", "src\PossumLabs.DSL.English\PossumLabs.DSL.English.csproj", "{B132BA34-904A-4B7C-BE35-941E2015266B}"
EndProject
Project("{9A19103F-16F7-4668-BE54-9A1E7A4F7556}") = "PossumLabs.DSL.Web", "src\PossumLabs.DSL.Web\PossumLabs.DSL.Web.csproj", "{9D700012-53C1-44EB-865E-78DA1523AAF6}"
EndProject
Project("{2150E333-8FDC-42A3-9474-1A3956D46DE8}") = "tests", "tests", "{845D75B3-BA03-406C-ACA7-43086CCB864B}"
EndProject
Project("{9A19103F-16F7-4668-BE54-9A1E7A4F7556}") = "PossumLabs.DSL.DataGeneration.UnitTests", "tests\PossumLabs.DSL.DataGeneration.UnitTests\PossumLabs.DSL.DataGeneration.UnitTests.csproj", "{97A92635-2000-4D7D-B3A3-66774F6B9660}"
EndProject
Project("{9A19103F-16F7-4668-BE54-9A1E7A4F7556}") = "PossumLabs.DSL.Core.UnitTests", "tests\PossumLabs.DSL.Core.UnitTests\PossumLabs.DSL.Core.UnitTests.csproj", "{A20F3A96-A8A9-4FCA-ABD0-8401CD98503D}"
EndProject
Project("{9A19103F-16F7-4668-BE54-9A1E7A4F7556}") = "PossumLabs.DSL.Web.UnitTest", "tests\PossumLabs.DSL.Web.UnitTest\PossumLabs.DSL.Web.UnitTest.csproj", "{38D85BB5-30E2-46A6-917F-11D1C5CDAC7F}"
EndProject
Project("{9A19103F-16F7-4668-BE54-9A1E7A4F7556}") = "PossumLabs.DSL.English.IntegrationTests", "tests\PossumLabs.DSL.English.IntegrationTests\PossumLabs.DSL.English.IntegrationTests.csproj", "{4BB71A8A-0B39-406C-B938-65AD1A6AC304}"
EndProject
Project("{9A19103F-16F7-4668-BE54-9A1E7A4F7556}") = "PossumLabs.DSL.Web.IntegrationTests", "tests\PossumLabs.DSL.Web.IntegrationTests\PossumLabs.DSL.Web.IntegrationTests.csproj", "{DAABCE43-9584-44DE-97F3-3374C3AB06EE}"
EndProject
Project("{2150E333-8FDC-42A3-9474-1A3956D46DE8}") = "demo", "demo", "{91B48FAA-8C8E-4137-AC4B-61EA8E29B84D}"
EndProject
Project("{FAE04EC0-301F-11D3-BF4B-00C04F79EFBC}") = "Jan29Demo", "Jan29Demo\Jan29Demo.csproj", "{5681E32A-D7D1-4FF4-9F22-34BFB4ED7646}"
EndProject
Global
	GlobalSection(SolutionConfigurationPlatforms) = preSolution
		Debug|Any CPU = Debug|Any CPU
		Release|Any CPU = Release|Any CPU
	EndGlobalSection
	GlobalSection(ProjectConfigurationPlatforms) = postSolution
		{773E8242-0C75-4B59-9C2A-9ACF653AB8E9}.Debug|Any CPU.ActiveCfg = Debug|Any CPU
		{773E8242-0C75-4B59-9C2A-9ACF653AB8E9}.Debug|Any CPU.Build.0 = Debug|Any CPU
		{773E8242-0C75-4B59-9C2A-9ACF653AB8E9}.Release|Any CPU.ActiveCfg = Release|Any CPU
		{773E8242-0C75-4B59-9C2A-9ACF653AB8E9}.Release|Any CPU.Build.0 = Release|Any CPU
		{0B948E26-0A1B-4F4B-B574-C336EA5DD6C4}.Debug|Any CPU.ActiveCfg = Debug|Any CPU
		{0B948E26-0A1B-4F4B-B574-C336EA5DD6C4}.Debug|Any CPU.Build.0 = Debug|Any CPU
		{0B948E26-0A1B-4F4B-B574-C336EA5DD6C4}.Release|Any CPU.ActiveCfg = Release|Any CPU
		{0B948E26-0A1B-4F4B-B574-C336EA5DD6C4}.Release|Any CPU.Build.0 = Release|Any CPU
		{B132BA34-904A-4B7C-BE35-941E2015266B}.Debug|Any CPU.ActiveCfg = Debug|Any CPU
		{B132BA34-904A-4B7C-BE35-941E2015266B}.Debug|Any CPU.Build.0 = Debug|Any CPU
		{B132BA34-904A-4B7C-BE35-941E2015266B}.Release|Any CPU.ActiveCfg = Release|Any CPU
		{B132BA34-904A-4B7C-BE35-941E2015266B}.Release|Any CPU.Build.0 = Release|Any CPU
		{9D700012-53C1-44EB-865E-78DA1523AAF6}.Debug|Any CPU.ActiveCfg = Debug|Any CPU
		{9D700012-53C1-44EB-865E-78DA1523AAF6}.Debug|Any CPU.Build.0 = Debug|Any CPU
		{9D700012-53C1-44EB-865E-78DA1523AAF6}.Release|Any CPU.ActiveCfg = Release|Any CPU
		{9D700012-53C1-44EB-865E-78DA1523AAF6}.Release|Any CPU.Build.0 = Release|Any CPU
		{97A92635-2000-4D7D-B3A3-66774F6B9660}.Debug|Any CPU.ActiveCfg = Debug|Any CPU
		{97A92635-2000-4D7D-B3A3-66774F6B9660}.Debug|Any CPU.Build.0 = Debug|Any CPU
		{97A92635-2000-4D7D-B3A3-66774F6B9660}.Release|Any CPU.ActiveCfg = Release|Any CPU
		{97A92635-2000-4D7D-B3A3-66774F6B9660}.Release|Any CPU.Build.0 = Release|Any CPU
		{A20F3A96-A8A9-4FCA-ABD0-8401CD98503D}.Debug|Any CPU.ActiveCfg = Debug|Any CPU
		{A20F3A96-A8A9-4FCA-ABD0-8401CD98503D}.Debug|Any CPU.Build.0 = Debug|Any CPU
		{A20F3A96-A8A9-4FCA-ABD0-8401CD98503D}.Release|Any CPU.ActiveCfg = Release|Any CPU
		{A20F3A96-A8A9-4FCA-ABD0-8401CD98503D}.Release|Any CPU.Build.0 = Release|Any CPU
		{38D85BB5-30E2-46A6-917F-11D1C5CDAC7F}.Debug|Any CPU.ActiveCfg = Debug|Any CPU
		{38D85BB5-30E2-46A6-917F-11D1C5CDAC7F}.Debug|Any CPU.Build.0 = Debug|Any CPU
		{38D85BB5-30E2-46A6-917F-11D1C5CDAC7F}.Release|Any CPU.ActiveCfg = Release|Any CPU
		{38D85BB5-30E2-46A6-917F-11D1C5CDAC7F}.Release|Any CPU.Build.0 = Release|Any CPU
		{4BB71A8A-0B39-406C-B938-65AD1A6AC304}.Debug|Any CPU.ActiveCfg = Debug|Any CPU
		{4BB71A8A-0B39-406C-B938-65AD1A6AC304}.Debug|Any CPU.Build.0 = Debug|Any CPU
		{4BB71A8A-0B39-406C-B938-65AD1A6AC304}.Release|Any CPU.ActiveCfg = Release|Any CPU
		{4BB71A8A-0B39-406C-B938-65AD1A6AC304}.Release|Any CPU.Build.0 = Release|Any CPU
		{DAABCE43-9584-44DE-97F3-3374C3AB06EE}.Debug|Any CPU.ActiveCfg = Debug|Any CPU
		{DAABCE43-9584-44DE-97F3-3374C3AB06EE}.Debug|Any CPU.Build.0 = Debug|Any CPU
		{DAABCE43-9584-44DE-97F3-3374C3AB06EE}.Release|Any CPU.ActiveCfg = Release|Any CPU
		{DAABCE43-9584-44DE-97F3-3374C3AB06EE}.Release|Any CPU.Build.0 = Release|Any CPU
		{5681E32A-D7D1-4FF4-9F22-34BFB4ED7646}.Debug|Any CPU.ActiveCfg = Debug|Any CPU
		{5681E32A-D7D1-4FF4-9F22-34BFB4ED7646}.Debug|Any CPU.Build.0 = Debug|Any CPU
		{5681E32A-D7D1-4FF4-9F22-34BFB4ED7646}.Release|Any CPU.ActiveCfg = Release|Any CPU
		{5681E32A-D7D1-4FF4-9F22-34BFB4ED7646}.Release|Any CPU.Build.0 = Release|Any CPU
	EndGlobalSection
	GlobalSection(SolutionProperties) = preSolution
		HideSolutionNode = FALSE
	EndGlobalSection
	GlobalSection(NestedProjects) = preSolution
		{97A92635-2000-4D7D-B3A3-66774F6B9660} = {845D75B3-BA03-406C-ACA7-43086CCB864B}
		{A20F3A96-A8A9-4FCA-ABD0-8401CD98503D} = {845D75B3-BA03-406C-ACA7-43086CCB864B}
		{38D85BB5-30E2-46A6-917F-11D1C5CDAC7F} = {845D75B3-BA03-406C-ACA7-43086CCB864B}
		{4BB71A8A-0B39-406C-B938-65AD1A6AC304} = {845D75B3-BA03-406C-ACA7-43086CCB864B}
		{DAABCE43-9584-44DE-97F3-3374C3AB06EE} = {845D75B3-BA03-406C-ACA7-43086CCB864B}
		{5681E32A-D7D1-4FF4-9F22-34BFB4ED7646} = {91B48FAA-8C8E-4137-AC4B-61EA8E29B84D}
	EndGlobalSection
	GlobalSection(ExtensibilityGlobals) = postSolution
		SolutionGuid = {353EDF79-8122-4FFC-8F8C-15591D83EFDD}
	EndGlobalSection
EndGlobal
