
Microsoft Visual Studio Solution File, Format Version 12.00
# Visual Studio Version 16
VisualStudioVersion = 16.0.29806.167
MinimumVisualStudioVersion = 10.0.40219.1
Project("{2150E333-8FDC-42A3-9474-1A3956D46DE8}") = "Solution Items", "Solution Items", "{6E7C5617-566F-41FC-8499-E949A86BADAF}"
	ProjectSection(SolutionItems) = preProject
		docker-compose.yml = docker-compose.yml
		Documentation.txt = Documentation.txt
		TODO.txt = TODO.txt
	EndProjectSection
EndProject
Project("{9A19103F-16F7-4668-BE54-9A1E7A4F7556}") = "Test", "tutorials\Tests\Test.csproj", "{EC9A91CA-5F0D-4B28-95FF-4AA9092CC349}"
EndProject
Project("{9A19103F-16F7-4668-BE54-9A1E7A4F7556}") = "DSLCoreVersion", "tutorials\DSLCoreVersion\DSLCoreVersion.csproj", "{47F0C849-B0D6-421B-9F50-F7541FE3C9AD}"
EndProject
Project("{9A19103F-16F7-4668-BE54-9A1E7A4F7556}") = "DSLEnglishVersion", "tutorials\DSLEnglishVersion\DSLEnglishVersion.csproj", "{4EAF80CE-4090-480B-9C4E-3933BBC5CD55}"
EndProject
Project("{2150E333-8FDC-42A3-9474-1A3956D46DE8}") = "1 Existing Data", "1 Existing Data", "{041D1AD0-555E-46E3-8BCC-3846899537FA}"
EndProject
Project("{2150E333-8FDC-42A3-9474-1A3956D46DE8}") = "2 Creating New Data", "2 Creating New Data", "{20EE89F5-4CFF-4338-8D00-4B2326D61F31}"
EndProject
Project("{2150E333-8FDC-42A3-9474-1A3956D46DE8}") = "3 Using Templates", "3 Using Templates", "{11924AF8-A95C-491C-ABDD-EAF0DC7F1E95}"
EndProject
Project("{2150E333-8FDC-42A3-9474-1A3956D46DE8}") = "4 Using Characteristics", "4 Using Characteristics", "{4A79AF1E-6BA7-40E4-BFA8-7CC18D80F232}"
EndProject
Project("{2150E333-8FDC-42A3-9474-1A3956D46DE8}") = "Core", "Core", "{B44D2D02-CA9D-4994-A8FC-CCDF38FF09DD}"
EndProject
Project("{9A19103F-16F7-4668-BE54-9A1E7A4F7556}") = "DSLCoreVersion.ExistingData", "tutorials\Core 1 Working With Existing Data\DSLCoreVersion\DSLCoreVersion.ExistingData.csproj", "{60252F34-1DF7-4826-8A93-486CD709CEC7}"
EndProject
Project("{9A19103F-16F7-4668-BE54-9A1E7A4F7556}") = "DSLEnglishVersion.ExistingData", "tutorials\Core 1 Working With Existing Data\DSLEnglishVersion\DSLEnglishVersion.ExistingData.csproj", "{3CF3C12B-2318-41B8-9BA9-47F6A6096835}"
EndProject
Project("{9A19103F-16F7-4668-BE54-9A1E7A4F7556}") = "DSLCoreVersion.NewData", "tutorials\Core 2 Creating New Data\DSLCoreVersion\DSLCoreVersion.NewData.csproj", "{28DB9889-BC58-436F-915C-F3C82504A828}"
Project("{9A19103F-16F7-4668-BE54-9A1E7A4F7556}") = "DSLCoreVersion", "tutorials\DSLCoreVersion\DSLCoreVersion.csproj", "{47F0C849-B0D6-421B-9F50-F7541FE3C9AD}"
EndProject
Project("{9A19103F-16F7-4668-BE54-9A1E7A4F7556}") = "DSLEnglishVersion.NewData", "tutorials\Core 2 Creating New Data\DSLEnglishVersion\DSLEnglishVersion.NewData.csproj", "{C10D616C-6361-4DF6-B0B2-C66CEE5E3060}"
Project("{9A19103F-16F7-4668-BE54-9A1E7A4F7556}") = "DSLEnglishVersion", "tutorials\DSLEnglishVersion\DSLEnglishVersion.csproj", "{4EAF80CE-4090-480B-9C4E-3933BBC5CD55}"
EndProject
Project("{9A19103F-16F7-4668-BE54-9A1E7A4F7556}") = "DSLCoreVersion.Templates", "tutorials\Core 3 Using Templates\DSLCoreVersion\DSLCoreVersion.Templates.csproj", "{EB2C8784-1F00-445E-8757-71502F7FAF3F}"
EndProject
Project("{9A19103F-16F7-4668-BE54-9A1E7A4F7556}") = "DSLEnglishVersion.Templates", "tutorials\Core 3 Using Templates\DSLEnglishVersion\DSLEnglishVersion.Templates.csproj", "{91FBFB52-D644-4B31-B645-D5EF4F6F8BBE}"
EndProject
Project("{9A19103F-16F7-4668-BE54-9A1E7A4F7556}") = "DSLCoreVersion.Characteristics", "tutorials\Core 4 Using Characteristics\DSLCoreVersion\DSLCoreVersion.Characteristics.csproj", "{ADA39FBF-78D5-424A-B732-DEF01515C116}"
EndProject
Project("{9A19103F-16F7-4668-BE54-9A1E7A4F7556}") = "DSLEnglishVersion.Characteristics", "tutorials\Core 4 Using Characteristics\DSLEnglishVersion\DSLEnglishVersion.Characteristics.csproj", "{859A12BD-68FF-4E4B-8603-867ADA64CDDE}"
EndProject
Project("{2150E333-8FDC-42A3-9474-1A3956D46DE8}") = "Web", "Web", "{4A44114E-450F-43B6-B1CA-30171C15A3B6}"
EndProject
Project("{2150E333-8FDC-42A3-9474-1A3956D46DE8}") = "1 Using Selectors", "1 Using Selectors", "{5B4132C7-0474-420F-AF66-5E3FA7FFD0B2}"
EndProject
Project("{2150E333-8FDC-42A3-9474-1A3956D46DE8}") = "2 Working with Tables", "2 Working with Tables", "{3D346D5E-FCEF-4AF4-8F89-4D854CA933B1}"
EndProject
Project("{2150E333-8FDC-42A3-9474-1A3956D46DE8}") = "3 Customizing the Browser", "3 Customizing the Browser", "{FC9F4836-D4B3-4F7C-8120-13A448247932}"
EndProject
Project("{2150E333-8FDC-42A3-9474-1A3956D46DE8}") = "4 Using MovieLogger", "4 Using MovieLogger", "{8D17E7E1-7CAF-4E8C-B6F7-72097BFBF7C0}"
EndProject
Project("{2150E333-8FDC-42A3-9474-1A3956D46DE8}") = "5 Using Multiple Browsers in One Test", "5 Using Multiple Browsers in One Test", "{2B4B0DD3-8D71-4BA3-9F42-96749B435DEC}"
EndProject
Project("{2150E333-8FDC-42A3-9474-1A3956D46DE8}") = "Advanced", "Advanced", "{1A0C08AF-69A5-4F37-93DE-66796CA04290}"
EndProject
Project("{2150E333-8FDC-42A3-9474-1A3956D46DE8}") = "1 Customizing the XpathProvider", "1 Customizing the XpathProvider", "{F5EF075F-3A5F-4B02-ACC5-874F85F9B44C}"
EndProject
Project("{2150E333-8FDC-42A3-9474-1A3956D46DE8}") = "2 Customizing the Selectors", "2 Customizing the Selectors", "{427D6031-39E8-492B-9707-C94E51844017}"
EndProject
Project("{2150E333-8FDC-42A3-9474-1A3956D46DE8}") = "3 Customizing the ElementFactory", "3 Customizing the ElementFactory", "{3F3AAEE8-690E-41D0-BD9E-9050E1EB2453}"
EndProject
Project("{9A19103F-16F7-4668-BE54-9A1E7A4F7556}") = "UsingSelectors", "tutorials\Web 1 Using Selectors\UsingSelectors.csproj", "{036AB09C-8D31-42DD-BCFE-AB7B4B4BFFAC}"
EndProject
Project("{9A19103F-16F7-4668-BE54-9A1E7A4F7556}") = "WorkingWithTables", "tutorials\Web 2 Tables\WorkingWithTables.csproj", "{E4E2B7AB-4EBF-4020-923F-6B804D67EA51}"
EndProject
Project("{9A19103F-16F7-4668-BE54-9A1E7A4F7556}") = "CustomizingTheBrowser", "tutorials\Web 3 Customizing Browser\CustomizingTheBrowser.csproj", "{1367AB39-3E4A-4431-B103-33FC8FE6A732}"
EndProject
Project("{9A19103F-16F7-4668-BE54-9A1E7A4F7556}") = "UsingMovieLogger", "tutorials\Web 4 Using MovieLogger\UsingMovieLogger.csproj", "{2B03D193-A72F-485A-AC10-F2D522A08ED4}"
EndProject
Project("{9A19103F-16F7-4668-BE54-9A1E7A4F7556}") = "UsingMultipleBrowsersInOneTest", "tutorials\Web 5 Multiple Browser In One Test\UsingMultipleBrowsersInOneTest.csproj", "{6343C2AE-555F-4DB5-9881-9BBE50F94B7B}"
EndProject
Project("{9A19103F-16F7-4668-BE54-9A1E7A4F7556}") = "CustomizingXpathProvider", "tutorials\Web Advanced 1 Customizing the XpathProvider\CustomizingXpathProvider.csproj", "{33921B6A-7545-458B-8E48-76EAF7E05D81}"
EndProject
Project("{9A19103F-16F7-4668-BE54-9A1E7A4F7556}") = "CustomizingSelectors", "tutorials\Web Advanced 2 Customizing the Selectors\CustomizingSelectors.csproj", "{B87A75EB-8828-4486-B7C1-16DEF28AB295}"
EndProject
Project("{9A19103F-16F7-4668-BE54-9A1E7A4F7556}") = "CustomizingElementFactory", "tutorials\Web Advanced 3 Customizing the ElementFactory\CustomizingElementFactory.csproj", "{BA6500C1-5BBA-44D6-A9C7-CB2E3FFDFCAE}"
EndProject
Project("{2150E333-8FDC-42A3-9474-1A3956D46DE8}") = "5 Using Defaults", "5 Using Defaults", "{53357139-6F18-41DE-8E7D-47E4B38B408A}"
	ProjectSection(SolutionItems) = preProject
		Defaults.txt = Defaults.txt
	EndProjectSection
EndProject
Project("{2150E333-8FDC-42A3-9474-1A3956D46DE8}") = "7 Complex Data Hierarchy", "7 Complex Data Hierarchy", "{D744D75B-DC81-493A-A571-8CC592312199}"
EndProject
Project("{2150E333-8FDC-42A3-9474-1A3956D46DE8}") = "4 Using Slipka", "4 Using Slipka", "{64E215B4-D6DB-40A2-B80F-8FB3CD1B9E94}"
EndProject
Project("{9A19103F-16F7-4668-BE54-9A1E7A4F7556}") = "DSLCoreVersion", "tutorials\4 Using Characteristics\DSLCoreVersion\DSLCoreVersion.csproj", "{C402F8E8-1AA9-428F-8355-4793DAB485EC}"
EndProject
Project("{9A19103F-16F7-4668-BE54-9A1E7A4F7556}") = "DSLEnglishVersion", "tutorials\4 Using Characteristics\DSLEnglishVersion\DSLEnglishVersion.csproj", "{718FA3DD-00C1-445F-AABD-EFA4D23B0A7C}"
EndProject
Project("{2150E333-8FDC-42A3-9474-1A3956D46DE8}") = "5 Defaults", "5 Defaults", "{AF373671-5D56-4250-A717-1ADDDC07A8F1}"
EndProject
Project("{2150E333-8FDC-42A3-9474-1A3956D46DE8}") = "6 Hierarchical Data", "6 Hierarchical Data", "{A11D0888-95D4-452B-B6A0-1B64AD9EED41}"
EndProject
Project("{2150E333-8FDC-42A3-9474-1A3956D46DE8}") = "6 Validators", "6 Validators", "{9D8E8A0D-E542-4ADE-B7DD-787BC4910CC9}"
EndProject
Project("{9A19103F-16F7-4668-BE54-9A1E7A4F7556}") = "UsingSlipka", "tutorials\Web Advanced 4 Using Slipka\UsingSlipka.csproj", "{CAC8D33F-98D5-47F5-B81A-C49B1F707AFB}"
EndProject
Project("{9A19103F-16F7-4668-BE54-9A1E7A4F7556}") = "DSLCoreVersion.Validators", "tutorials\Core 6 Validators\DSLCoreVersion\DSLCoreVersion.Validators.csproj", "{A514CC90-516E-4DB6-911B-EB31B144CE33}"
EndProject
Project("{9A19103F-16F7-4668-BE54-9A1E7A4F7556}") = "DSLEnglishVersion.Validators", "tutorials\Core 6 Validators\DSLEnglishVersion\DSLEnglishVersion.Validators.csproj", "{346CADE4-66EF-4D1C-A7F2-EB3297B0F4AB}"
EndProject
Global
	GlobalSection(SolutionConfigurationPlatforms) = preSolution
		Debug|Any CPU = Debug|Any CPU
		Release|Any CPU = Release|Any CPU
	EndGlobalSection
	GlobalSection(ProjectConfigurationPlatforms) = postSolution
		{EC9A91CA-5F0D-4B28-95FF-4AA9092CC349}.Debug|Any CPU.ActiveCfg = Debug|Any CPU
		{EC9A91CA-5F0D-4B28-95FF-4AA9092CC349}.Debug|Any CPU.Build.0 = Debug|Any CPU
		{EC9A91CA-5F0D-4B28-95FF-4AA9092CC349}.Release|Any CPU.ActiveCfg = Release|Any CPU
		{EC9A91CA-5F0D-4B28-95FF-4AA9092CC349}.Release|Any CPU.Build.0 = Release|Any CPU
		{47F0C849-B0D6-421B-9F50-F7541FE3C9AD}.Debug|Any CPU.ActiveCfg = Debug|Any CPU
		{47F0C849-B0D6-421B-9F50-F7541FE3C9AD}.Debug|Any CPU.Build.0 = Debug|Any CPU
		{47F0C849-B0D6-421B-9F50-F7541FE3C9AD}.Release|Any CPU.ActiveCfg = Release|Any CPU
		{47F0C849-B0D6-421B-9F50-F7541FE3C9AD}.Release|Any CPU.Build.0 = Release|Any CPU
		{4EAF80CE-4090-480B-9C4E-3933BBC5CD55}.Debug|Any CPU.ActiveCfg = Debug|Any CPU
		{4EAF80CE-4090-480B-9C4E-3933BBC5CD55}.Debug|Any CPU.Build.0 = Debug|Any CPU
		{4EAF80CE-4090-480B-9C4E-3933BBC5CD55}.Release|Any CPU.ActiveCfg = Release|Any CPU
		{4EAF80CE-4090-480B-9C4E-3933BBC5CD55}.Release|Any CPU.Build.0 = Release|Any CPU
		{60252F34-1DF7-4826-8A93-486CD709CEC7}.Debug|Any CPU.ActiveCfg = Debug|Any CPU
		{60252F34-1DF7-4826-8A93-486CD709CEC7}.Debug|Any CPU.Build.0 = Debug|Any CPU
		{60252F34-1DF7-4826-8A93-486CD709CEC7}.Release|Any CPU.ActiveCfg = Release|Any CPU
		{60252F34-1DF7-4826-8A93-486CD709CEC7}.Release|Any CPU.Build.0 = Release|Any CPU
		{3CF3C12B-2318-41B8-9BA9-47F6A6096835}.Debug|Any CPU.ActiveCfg = Debug|Any CPU
		{3CF3C12B-2318-41B8-9BA9-47F6A6096835}.Debug|Any CPU.Build.0 = Debug|Any CPU
		{3CF3C12B-2318-41B8-9BA9-47F6A6096835}.Release|Any CPU.ActiveCfg = Release|Any CPU
		{3CF3C12B-2318-41B8-9BA9-47F6A6096835}.Release|Any CPU.Build.0 = Release|Any CPU
		{28DB9889-BC58-436F-915C-F3C82504A828}.Debug|Any CPU.ActiveCfg = Debug|Any CPU
		{28DB9889-BC58-436F-915C-F3C82504A828}.Debug|Any CPU.Build.0 = Debug|Any CPU
		{28DB9889-BC58-436F-915C-F3C82504A828}.Release|Any CPU.ActiveCfg = Release|Any CPU
		{28DB9889-BC58-436F-915C-F3C82504A828}.Release|Any CPU.Build.0 = Release|Any CPU
		{C10D616C-6361-4DF6-B0B2-C66CEE5E3060}.Debug|Any CPU.ActiveCfg = Debug|Any CPU
		{C10D616C-6361-4DF6-B0B2-C66CEE5E3060}.Debug|Any CPU.Build.0 = Debug|Any CPU
		{C10D616C-6361-4DF6-B0B2-C66CEE5E3060}.Release|Any CPU.ActiveCfg = Release|Any CPU
		{C10D616C-6361-4DF6-B0B2-C66CEE5E3060}.Release|Any CPU.Build.0 = Release|Any CPU
		{EB2C8784-1F00-445E-8757-71502F7FAF3F}.Debug|Any CPU.ActiveCfg = Debug|Any CPU
		{EB2C8784-1F00-445E-8757-71502F7FAF3F}.Debug|Any CPU.Build.0 = Debug|Any CPU
		{EB2C8784-1F00-445E-8757-71502F7FAF3F}.Release|Any CPU.ActiveCfg = Release|Any CPU
		{EB2C8784-1F00-445E-8757-71502F7FAF3F}.Release|Any CPU.Build.0 = Release|Any CPU
		{91FBFB52-D644-4B31-B645-D5EF4F6F8BBE}.Debug|Any CPU.ActiveCfg = Debug|Any CPU
		{91FBFB52-D644-4B31-B645-D5EF4F6F8BBE}.Debug|Any CPU.Build.0 = Debug|Any CPU
		{91FBFB52-D644-4B31-B645-D5EF4F6F8BBE}.Release|Any CPU.ActiveCfg = Release|Any CPU
		{91FBFB52-D644-4B31-B645-D5EF4F6F8BBE}.Release|Any CPU.Build.0 = Release|Any CPU
		{ADA39FBF-78D5-424A-B732-DEF01515C116}.Debug|Any CPU.ActiveCfg = Debug|Any CPU
		{ADA39FBF-78D5-424A-B732-DEF01515C116}.Debug|Any CPU.Build.0 = Debug|Any CPU
		{ADA39FBF-78D5-424A-B732-DEF01515C116}.Release|Any CPU.ActiveCfg = Release|Any CPU
		{ADA39FBF-78D5-424A-B732-DEF01515C116}.Release|Any CPU.Build.0 = Release|Any CPU
		{859A12BD-68FF-4E4B-8603-867ADA64CDDE}.Debug|Any CPU.ActiveCfg = Debug|Any CPU
		{859A12BD-68FF-4E4B-8603-867ADA64CDDE}.Debug|Any CPU.Build.0 = Debug|Any CPU
		{859A12BD-68FF-4E4B-8603-867ADA64CDDE}.Release|Any CPU.ActiveCfg = Release|Any CPU
		{859A12BD-68FF-4E4B-8603-867ADA64CDDE}.Release|Any CPU.Build.0 = Release|Any CPU
		{036AB09C-8D31-42DD-BCFE-AB7B4B4BFFAC}.Debug|Any CPU.ActiveCfg = Debug|Any CPU
		{036AB09C-8D31-42DD-BCFE-AB7B4B4BFFAC}.Debug|Any CPU.Build.0 = Debug|Any CPU
		{036AB09C-8D31-42DD-BCFE-AB7B4B4BFFAC}.Release|Any CPU.ActiveCfg = Release|Any CPU
		{036AB09C-8D31-42DD-BCFE-AB7B4B4BFFAC}.Release|Any CPU.Build.0 = Release|Any CPU
		{E4E2B7AB-4EBF-4020-923F-6B804D67EA51}.Debug|Any CPU.ActiveCfg = Debug|Any CPU
		{E4E2B7AB-4EBF-4020-923F-6B804D67EA51}.Debug|Any CPU.Build.0 = Debug|Any CPU
		{E4E2B7AB-4EBF-4020-923F-6B804D67EA51}.Release|Any CPU.ActiveCfg = Release|Any CPU
		{E4E2B7AB-4EBF-4020-923F-6B804D67EA51}.Release|Any CPU.Build.0 = Release|Any CPU
		{1367AB39-3E4A-4431-B103-33FC8FE6A732}.Debug|Any CPU.ActiveCfg = Debug|Any CPU
		{1367AB39-3E4A-4431-B103-33FC8FE6A732}.Debug|Any CPU.Build.0 = Debug|Any CPU
		{1367AB39-3E4A-4431-B103-33FC8FE6A732}.Release|Any CPU.ActiveCfg = Release|Any CPU
		{1367AB39-3E4A-4431-B103-33FC8FE6A732}.Release|Any CPU.Build.0 = Release|Any CPU
		{2B03D193-A72F-485A-AC10-F2D522A08ED4}.Debug|Any CPU.ActiveCfg = Debug|Any CPU
		{2B03D193-A72F-485A-AC10-F2D522A08ED4}.Debug|Any CPU.Build.0 = Debug|Any CPU
		{2B03D193-A72F-485A-AC10-F2D522A08ED4}.Release|Any CPU.ActiveCfg = Release|Any CPU
		{2B03D193-A72F-485A-AC10-F2D522A08ED4}.Release|Any CPU.Build.0 = Release|Any CPU
		{6343C2AE-555F-4DB5-9881-9BBE50F94B7B}.Debug|Any CPU.ActiveCfg = Debug|Any CPU
		{6343C2AE-555F-4DB5-9881-9BBE50F94B7B}.Debug|Any CPU.Build.0 = Debug|Any CPU
		{6343C2AE-555F-4DB5-9881-9BBE50F94B7B}.Release|Any CPU.ActiveCfg = Release|Any CPU
		{6343C2AE-555F-4DB5-9881-9BBE50F94B7B}.Release|Any CPU.Build.0 = Release|Any CPU
		{33921B6A-7545-458B-8E48-76EAF7E05D81}.Debug|Any CPU.ActiveCfg = Debug|Any CPU
		{33921B6A-7545-458B-8E48-76EAF7E05D81}.Debug|Any CPU.Build.0 = Debug|Any CPU
		{33921B6A-7545-458B-8E48-76EAF7E05D81}.Release|Any CPU.ActiveCfg = Release|Any CPU
		{33921B6A-7545-458B-8E48-76EAF7E05D81}.Release|Any CPU.Build.0 = Release|Any CPU
		{B87A75EB-8828-4486-B7C1-16DEF28AB295}.Debug|Any CPU.ActiveCfg = Debug|Any CPU
		{B87A75EB-8828-4486-B7C1-16DEF28AB295}.Debug|Any CPU.Build.0 = Debug|Any CPU
		{B87A75EB-8828-4486-B7C1-16DEF28AB295}.Release|Any CPU.ActiveCfg = Release|Any CPU
		{B87A75EB-8828-4486-B7C1-16DEF28AB295}.Release|Any CPU.Build.0 = Release|Any CPU
		{BA6500C1-5BBA-44D6-A9C7-CB2E3FFDFCAE}.Debug|Any CPU.ActiveCfg = Debug|Any CPU
		{BA6500C1-5BBA-44D6-A9C7-CB2E3FFDFCAE}.Debug|Any CPU.Build.0 = Debug|Any CPU
		{BA6500C1-5BBA-44D6-A9C7-CB2E3FFDFCAE}.Release|Any CPU.ActiveCfg = Release|Any CPU
		{BA6500C1-5BBA-44D6-A9C7-CB2E3FFDFCAE}.Release|Any CPU.Build.0 = Release|Any CPU
		{82E6C4F9-A934-42EF-8DC7-ECD8FA800828}.Debug|Any CPU.ActiveCfg = Debug|Any CPU
		{82E6C4F9-A934-42EF-8DC7-ECD8FA800828}.Debug|Any CPU.Build.0 = Debug|Any CPU
		{82E6C4F9-A934-42EF-8DC7-ECD8FA800828}.Release|Any CPU.ActiveCfg = Release|Any CPU
		{82E6C4F9-A934-42EF-8DC7-ECD8FA800828}.Release|Any CPU.Build.0 = Release|Any CPU
		{86267A13-5A43-4D32-AB21-885295436109}.Debug|Any CPU.ActiveCfg = Debug|Any CPU
		{86267A13-5A43-4D32-AB21-885295436109}.Debug|Any CPU.Build.0 = Debug|Any CPU
		{86267A13-5A43-4D32-AB21-885295436109}.Release|Any CPU.ActiveCfg = Release|Any CPU
		{86267A13-5A43-4D32-AB21-885295436109}.Release|Any CPU.Build.0 = Release|Any CPU
		{7DE8DD76-36F5-4B80-B9B0-91575ACE159F}.Debug|Any CPU.ActiveCfg = Debug|Any CPU
		{7DE8DD76-36F5-4B80-B9B0-91575ACE159F}.Debug|Any CPU.Build.0 = Debug|Any CPU
		{7DE8DD76-36F5-4B80-B9B0-91575ACE159F}.Release|Any CPU.ActiveCfg = Release|Any CPU
		{7DE8DD76-36F5-4B80-B9B0-91575ACE159F}.Release|Any CPU.Build.0 = Release|Any CPU
		{40EC7642-5A57-48B2-B451-D13A54D95A32}.Debug|Any CPU.ActiveCfg = Debug|Any CPU
		{40EC7642-5A57-48B2-B451-D13A54D95A32}.Debug|Any CPU.Build.0 = Debug|Any CPU
		{40EC7642-5A57-48B2-B451-D13A54D95A32}.Release|Any CPU.ActiveCfg = Release|Any CPU
		{40EC7642-5A57-48B2-B451-D13A54D95A32}.Release|Any CPU.Build.0 = Release|Any CPU
		{8579958D-5DD9-4850-B202-C251B1758634}.Debug|Any CPU.ActiveCfg = Debug|Any CPU
		{8579958D-5DD9-4850-B202-C251B1758634}.Debug|Any CPU.Build.0 = Debug|Any CPU
		{8579958D-5DD9-4850-B202-C251B1758634}.Release|Any CPU.ActiveCfg = Release|Any CPU
		{8579958D-5DD9-4850-B202-C251B1758634}.Release|Any CPU.Build.0 = Release|Any CPU
		{B6450AE9-EE3E-49EA-BD5D-EF683FF70EEE}.Debug|Any CPU.ActiveCfg = Debug|Any CPU
		{B6450AE9-EE3E-49EA-BD5D-EF683FF70EEE}.Debug|Any CPU.Build.0 = Debug|Any CPU
		{B6450AE9-EE3E-49EA-BD5D-EF683FF70EEE}.Release|Any CPU.ActiveCfg = Release|Any CPU
		{B6450AE9-EE3E-49EA-BD5D-EF683FF70EEE}.Release|Any CPU.Build.0 = Release|Any CPU
		{C402F8E8-1AA9-428F-8355-4793DAB485EC}.Debug|Any CPU.ActiveCfg = Debug|Any CPU
		{C402F8E8-1AA9-428F-8355-4793DAB485EC}.Debug|Any CPU.Build.0 = Debug|Any CPU
		{C402F8E8-1AA9-428F-8355-4793DAB485EC}.Release|Any CPU.ActiveCfg = Release|Any CPU
		{C402F8E8-1AA9-428F-8355-4793DAB485EC}.Release|Any CPU.Build.0 = Release|Any CPU
		{718FA3DD-00C1-445F-AABD-EFA4D23B0A7C}.Debug|Any CPU.ActiveCfg = Debug|Any CPU
		{718FA3DD-00C1-445F-AABD-EFA4D23B0A7C}.Debug|Any CPU.Build.0 = Debug|Any CPU
		{718FA3DD-00C1-445F-AABD-EFA4D23B0A7C}.Release|Any CPU.ActiveCfg = Release|Any CPU
		{718FA3DD-00C1-445F-AABD-EFA4D23B0A7C}.Release|Any CPU.Build.0 = Release|Any CPU
		{CAC8D33F-98D5-47F5-B81A-C49B1F707AFB}.Debug|Any CPU.ActiveCfg = Debug|Any CPU
		{CAC8D33F-98D5-47F5-B81A-C49B1F707AFB}.Debug|Any CPU.Build.0 = Debug|Any CPU
		{CAC8D33F-98D5-47F5-B81A-C49B1F707AFB}.Release|Any CPU.ActiveCfg = Release|Any CPU
		{CAC8D33F-98D5-47F5-B81A-C49B1F707AFB}.Release|Any CPU.Build.0 = Release|Any CPU
		{A514CC90-516E-4DB6-911B-EB31B144CE33}.Debug|Any CPU.ActiveCfg = Debug|Any CPU
		{A514CC90-516E-4DB6-911B-EB31B144CE33}.Debug|Any CPU.Build.0 = Debug|Any CPU
		{A514CC90-516E-4DB6-911B-EB31B144CE33}.Release|Any CPU.ActiveCfg = Release|Any CPU
		{A514CC90-516E-4DB6-911B-EB31B144CE33}.Release|Any CPU.Build.0 = Release|Any CPU
		{346CADE4-66EF-4D1C-A7F2-EB3297B0F4AB}.Debug|Any CPU.ActiveCfg = Debug|Any CPU
		{346CADE4-66EF-4D1C-A7F2-EB3297B0F4AB}.Debug|Any CPU.Build.0 = Debug|Any CPU
		{346CADE4-66EF-4D1C-A7F2-EB3297B0F4AB}.Release|Any CPU.ActiveCfg = Release|Any CPU
		{346CADE4-66EF-4D1C-A7F2-EB3297B0F4AB}.Release|Any CPU.Build.0 = Release|Any CPU
	EndGlobalSection
	GlobalSection(SolutionProperties) = preSolution
		HideSolutionNode = FALSE
	EndGlobalSection
	GlobalSection(NestedProjects) = preSolution
		{82E6C4F9-A934-42EF-8DC7-ECD8FA800828} = {041D1AD0-555E-46E3-8BCC-3846899537FA}
		{86267A13-5A43-4D32-AB21-885295436109} = {041D1AD0-555E-46E3-8BCC-3846899537FA}
		{7DE8DD76-36F5-4B80-B9B0-91575ACE159F} = {20EE89F5-4CFF-4338-8D00-4B2326D61F31}
		{40EC7642-5A57-48B2-B451-D13A54D95A32} = {20EE89F5-4CFF-4338-8D00-4B2326D61F31}
		{8579958D-5DD9-4850-B202-C251B1758634} = {11924AF8-A95C-491C-ABDD-EAF0DC7F1E95}
		{B6450AE9-EE3E-49EA-BD5D-EF683FF70EEE} = {11924AF8-A95C-491C-ABDD-EAF0DC7F1E95}
		{C402F8E8-1AA9-428F-8355-4793DAB485EC} = {4A79AF1E-6BA7-40E4-BFA8-7CC18D80F232}
		{718FA3DD-00C1-445F-AABD-EFA4D23B0A7C} = {4A79AF1E-6BA7-40E4-BFA8-7CC18D80F232}
		{041D1AD0-555E-46E3-8BCC-3846899537FA} = {B44D2D02-CA9D-4994-A8FC-CCDF38FF09DD}
		{20EE89F5-4CFF-4338-8D00-4B2326D61F31} = {B44D2D02-CA9D-4994-A8FC-CCDF38FF09DD}
		{11924AF8-A95C-491C-ABDD-EAF0DC7F1E95} = {B44D2D02-CA9D-4994-A8FC-CCDF38FF09DD}
		{4A79AF1E-6BA7-40E4-BFA8-7CC18D80F232} = {B44D2D02-CA9D-4994-A8FC-CCDF38FF09DD}
		{60252F34-1DF7-4826-8A93-486CD709CEC7} = {041D1AD0-555E-46E3-8BCC-3846899537FA}
		{3CF3C12B-2318-41B8-9BA9-47F6A6096835} = {041D1AD0-555E-46E3-8BCC-3846899537FA}
		{28DB9889-BC58-436F-915C-F3C82504A828} = {20EE89F5-4CFF-4338-8D00-4B2326D61F31}
		{C10D616C-6361-4DF6-B0B2-C66CEE5E3060} = {20EE89F5-4CFF-4338-8D00-4B2326D61F31}
		{EB2C8784-1F00-445E-8757-71502F7FAF3F} = {11924AF8-A95C-491C-ABDD-EAF0DC7F1E95}
		{91FBFB52-D644-4B31-B645-D5EF4F6F8BBE} = {11924AF8-A95C-491C-ABDD-EAF0DC7F1E95}
		{ADA39FBF-78D5-424A-B732-DEF01515C116} = {4A79AF1E-6BA7-40E4-BFA8-7CC18D80F232}
		{859A12BD-68FF-4E4B-8603-867ADA64CDDE} = {4A79AF1E-6BA7-40E4-BFA8-7CC18D80F232}
		{5B4132C7-0474-420F-AF66-5E3FA7FFD0B2} = {4A44114E-450F-43B6-B1CA-30171C15A3B6}
		{3D346D5E-FCEF-4AF4-8F89-4D854CA933B1} = {4A44114E-450F-43B6-B1CA-30171C15A3B6}
		{FC9F4836-D4B3-4F7C-8120-13A448247932} = {4A44114E-450F-43B6-B1CA-30171C15A3B6}
		{8D17E7E1-7CAF-4E8C-B6F7-72097BFBF7C0} = {4A44114E-450F-43B6-B1CA-30171C15A3B6}
		{2B4B0DD3-8D71-4BA3-9F42-96749B435DEC} = {4A44114E-450F-43B6-B1CA-30171C15A3B6}
		{1A0C08AF-69A5-4F37-93DE-66796CA04290} = {4A44114E-450F-43B6-B1CA-30171C15A3B6}
		{F5EF075F-3A5F-4B02-ACC5-874F85F9B44C} = {1A0C08AF-69A5-4F37-93DE-66796CA04290}
		{427D6031-39E8-492B-9707-C94E51844017} = {1A0C08AF-69A5-4F37-93DE-66796CA04290}
		{3F3AAEE8-690E-41D0-BD9E-9050E1EB2453} = {1A0C08AF-69A5-4F37-93DE-66796CA04290}
		{036AB09C-8D31-42DD-BCFE-AB7B4B4BFFAC} = {5B4132C7-0474-420F-AF66-5E3FA7FFD0B2}
		{E4E2B7AB-4EBF-4020-923F-6B804D67EA51} = {3D346D5E-FCEF-4AF4-8F89-4D854CA933B1}
		{1367AB39-3E4A-4431-B103-33FC8FE6A732} = {FC9F4836-D4B3-4F7C-8120-13A448247932}
		{2B03D193-A72F-485A-AC10-F2D522A08ED4} = {8D17E7E1-7CAF-4E8C-B6F7-72097BFBF7C0}
		{6343C2AE-555F-4DB5-9881-9BBE50F94B7B} = {2B4B0DD3-8D71-4BA3-9F42-96749B435DEC}
		{33921B6A-7545-458B-8E48-76EAF7E05D81} = {F5EF075F-3A5F-4B02-ACC5-874F85F9B44C}
		{B87A75EB-8828-4486-B7C1-16DEF28AB295} = {427D6031-39E8-492B-9707-C94E51844017}
		{BA6500C1-5BBA-44D6-A9C7-CB2E3FFDFCAE} = {3F3AAEE8-690E-41D0-BD9E-9050E1EB2453}
		{53357139-6F18-41DE-8E7D-47E4B38B408A} = {B44D2D02-CA9D-4994-A8FC-CCDF38FF09DD}
		{D744D75B-DC81-493A-A571-8CC592312199} = {B44D2D02-CA9D-4994-A8FC-CCDF38FF09DD}
		{64E215B4-D6DB-40A2-B80F-8FB3CD1B9E94} = {1A0C08AF-69A5-4F37-93DE-66796CA04290}
		{9D8E8A0D-E542-4ADE-B7DD-787BC4910CC9} = {B44D2D02-CA9D-4994-A8FC-CCDF38FF09DD}
		{CAC8D33F-98D5-47F5-B81A-C49B1F707AFB} = {64E215B4-D6DB-40A2-B80F-8FB3CD1B9E94}
		{A514CC90-516E-4DB6-911B-EB31B144CE33} = {9D8E8A0D-E542-4ADE-B7DD-787BC4910CC9}
		{346CADE4-66EF-4D1C-A7F2-EB3297B0F4AB} = {9D8E8A0D-E542-4ADE-B7DD-787BC4910CC9}
	EndGlobalSection
	GlobalSection(ExtensibilityGlobals) = postSolution
		SolutionGuid = {39ACC678-3F6C-4958-BBC2-D8CBBE13A6E1}
	EndGlobalSection
EndGlobal
