
Microsoft Visual Studio Solution File, Format Version 12.00
# Visual Studio 15
VisualStudioVersion = 15.0.27130.2026
MinimumVisualStudioVersion = 10.0.40219.1
Project("{2150E333-8FDC-42A3-9474-1A3956D46DE8}") = "Solution Items", "Solution Items", "{6E7C5617-566F-41FC-8499-E949A86BADAF}"
	ProjectSection(SolutionItems) = preProject
		docker-compose.yml = docker-compose.yml
		TODO.txt = TODO.txt
	EndProjectSection
EndProject
Project("{9A19103F-16F7-4668-BE54-9A1E7A4F7556}") = "PossumLabs.Specflow.Core", "PossumLabs.Specflow.Core\PossumLabs.Specflow.Core.csproj", "{40B5F0F3-67FA-4EA0-B22B-8A369A1E80E9}"
EndProject
Project("{9A19103F-16F7-4668-BE54-9A1E7A4F7556}") = "PossumLabs.Specflow.Selenium", "PossumLabs.Specflow.Selenium\PossumLabs.Specflow.Selenium.csproj", "{3CEC8EFA-B2D9-486B-B11A-AC3BE552265F}"
EndProject
Project("{FAE04EC0-301F-11D3-BF4B-00C04F79EFBC}") = "Test", "Tests\Test.csproj", "{EC9A91CA-5F0D-4B28-95FF-4AA9092CC349}"
EndProject
Project("{2150E333-8FDC-42A3-9474-1A3956D46DE8}") = "Samples", "Samples", "{003FB6A6-3183-43BF-AA5F-3DC2A187478E}"
EndProject
Project("{FAE04EC0-301F-11D3-BF4B-00C04F79EFBC}") = "Variables", "Variables\Variables.csproj", "{D324EF72-E53C-4101-8C52-A803D46E58A0}"
EndProject
Project("{FAE04EC0-301F-11D3-BF4B-00C04F79EFBC}") = "Selenium-Selectors", "Selenium-Selectors\Selenium-Selectors.csproj", "{E905BD4E-99E1-4406-A00F-24D849274B07}"
EndProject
Project("{FAE04EC0-301F-11D3-BF4B-00C04F79EFBC}") = "Selenium-Customizing-Selectors", "Selenium-Customizing-Selectors\Selenium-Customizing-Selectors.csproj", "{9A4F2F44-D750-42EA-8EF1-8F5662239E8E}"
EndProject
Project("{FAE04EC0-301F-11D3-BF4B-00C04F79EFBC}") = "Variables-ObjectFactory", "Variables-ObjectFactory\Variables-ObjectFactory.csproj", "{B357B719-C574-45FE-B5B6-7C58F4D2B806}"
EndProject
Project("{FAE04EC0-301F-11D3-BF4B-00C04F79EFBC}") = "Selenium-Customizing-ElementFactory", "Selenium-Customizing-ElementFactory\Selenium-Customizing-ElementFactory.csproj", "{116FE5A8-EF9D-4A6A-B942-025174EC81B5}"
EndProject
Project("{FAE04EC0-301F-11D3-BF4B-00C04F79EFBC}") = "Selenium-MovieLogger", "Selenium-MovieLogger\Selenium-MovieLogger.csproj", "{A27D6845-3995-44F7-994B-44704F0D981E}"
EndProject
Project("{FAE04EC0-301F-11D3-BF4B-00C04F79EFBC}") = "Validations", "Validations\Validations.csproj", "{7A7A10AA-524D-4489-987B-43DFA697A4B4}"
EndProject
Project("{FAE04EC0-301F-11D3-BF4B-00C04F79EFBC}") = "Variables-ExistingData", "Variables-ExistingData\Variables-ExistingData.csproj", "{5DD2E118-A135-4D7C-AB80-752AEAD8F7D2}"
EndProject
Project("{FAE04EC0-301F-11D3-BF4B-00C04F79EFBC}") = "Variables-Templates", "Variables-Templates\Variables-Templates.csproj", "{B3B77014-9E38-4F99-AA99-3EAD06109DD2}"
EndProject
Project("{FAE04EC0-301F-11D3-BF4B-00C04F79EFBC}") = "Selenium-Tables", "Selenium-Tables\Selenium-Tables.csproj", "{F9877EB6-F7B1-46E4-B614-575DACC11CBA}"
EndProject
Global
	GlobalSection(SolutionConfigurationPlatforms) = preSolution
		Debug|Any CPU = Debug|Any CPU
		Release|Any CPU = Release|Any CPU
	EndGlobalSection
	GlobalSection(ProjectConfigurationPlatforms) = postSolution
		{40B5F0F3-67FA-4EA0-B22B-8A369A1E80E9}.Debug|Any CPU.ActiveCfg = Debug|Any CPU
		{40B5F0F3-67FA-4EA0-B22B-8A369A1E80E9}.Debug|Any CPU.Build.0 = Debug|Any CPU
		{40B5F0F3-67FA-4EA0-B22B-8A369A1E80E9}.Release|Any CPU.ActiveCfg = Release|Any CPU
		{40B5F0F3-67FA-4EA0-B22B-8A369A1E80E9}.Release|Any CPU.Build.0 = Release|Any CPU
		{3CEC8EFA-B2D9-486B-B11A-AC3BE552265F}.Debug|Any CPU.ActiveCfg = Debug|Any CPU
		{3CEC8EFA-B2D9-486B-B11A-AC3BE552265F}.Debug|Any CPU.Build.0 = Debug|Any CPU
		{3CEC8EFA-B2D9-486B-B11A-AC3BE552265F}.Release|Any CPU.ActiveCfg = Release|Any CPU
		{3CEC8EFA-B2D9-486B-B11A-AC3BE552265F}.Release|Any CPU.Build.0 = Release|Any CPU
		{EC9A91CA-5F0D-4B28-95FF-4AA9092CC349}.Debug|Any CPU.ActiveCfg = Debug|Any CPU
		{EC9A91CA-5F0D-4B28-95FF-4AA9092CC349}.Debug|Any CPU.Build.0 = Debug|Any CPU
		{EC9A91CA-5F0D-4B28-95FF-4AA9092CC349}.Release|Any CPU.ActiveCfg = Release|Any CPU
		{EC9A91CA-5F0D-4B28-95FF-4AA9092CC349}.Release|Any CPU.Build.0 = Release|Any CPU
		{D324EF72-E53C-4101-8C52-A803D46E58A0}.Debug|Any CPU.ActiveCfg = Debug|Any CPU
		{D324EF72-E53C-4101-8C52-A803D46E58A0}.Debug|Any CPU.Build.0 = Debug|Any CPU
		{D324EF72-E53C-4101-8C52-A803D46E58A0}.Release|Any CPU.ActiveCfg = Release|Any CPU
		{D324EF72-E53C-4101-8C52-A803D46E58A0}.Release|Any CPU.Build.0 = Release|Any CPU
		{E905BD4E-99E1-4406-A00F-24D849274B07}.Debug|Any CPU.ActiveCfg = Debug|Any CPU
		{E905BD4E-99E1-4406-A00F-24D849274B07}.Debug|Any CPU.Build.0 = Debug|Any CPU
		{E905BD4E-99E1-4406-A00F-24D849274B07}.Release|Any CPU.ActiveCfg = Release|Any CPU
		{E905BD4E-99E1-4406-A00F-24D849274B07}.Release|Any CPU.Build.0 = Release|Any CPU
		{9A4F2F44-D750-42EA-8EF1-8F5662239E8E}.Debug|Any CPU.ActiveCfg = Debug|Any CPU
		{9A4F2F44-D750-42EA-8EF1-8F5662239E8E}.Debug|Any CPU.Build.0 = Debug|Any CPU
		{9A4F2F44-D750-42EA-8EF1-8F5662239E8E}.Release|Any CPU.ActiveCfg = Release|Any CPU
		{9A4F2F44-D750-42EA-8EF1-8F5662239E8E}.Release|Any CPU.Build.0 = Release|Any CPU
		{B357B719-C574-45FE-B5B6-7C58F4D2B806}.Debug|Any CPU.ActiveCfg = Debug|Any CPU
		{B357B719-C574-45FE-B5B6-7C58F4D2B806}.Debug|Any CPU.Build.0 = Debug|Any CPU
		{B357B719-C574-45FE-B5B6-7C58F4D2B806}.Release|Any CPU.ActiveCfg = Release|Any CPU
		{B357B719-C574-45FE-B5B6-7C58F4D2B806}.Release|Any CPU.Build.0 = Release|Any CPU
		{116FE5A8-EF9D-4A6A-B942-025174EC81B5}.Debug|Any CPU.ActiveCfg = Debug|Any CPU
		{116FE5A8-EF9D-4A6A-B942-025174EC81B5}.Debug|Any CPU.Build.0 = Debug|Any CPU
		{116FE5A8-EF9D-4A6A-B942-025174EC81B5}.Release|Any CPU.ActiveCfg = Release|Any CPU
		{116FE5A8-EF9D-4A6A-B942-025174EC81B5}.Release|Any CPU.Build.0 = Release|Any CPU
		{A27D6845-3995-44F7-994B-44704F0D981E}.Debug|Any CPU.ActiveCfg = Debug|Any CPU
		{A27D6845-3995-44F7-994B-44704F0D981E}.Debug|Any CPU.Build.0 = Debug|Any CPU
		{A27D6845-3995-44F7-994B-44704F0D981E}.Release|Any CPU.ActiveCfg = Release|Any CPU
		{A27D6845-3995-44F7-994B-44704F0D981E}.Release|Any CPU.Build.0 = Release|Any CPU
		{7A7A10AA-524D-4489-987B-43DFA697A4B4}.Debug|Any CPU.ActiveCfg = Debug|Any CPU
		{7A7A10AA-524D-4489-987B-43DFA697A4B4}.Debug|Any CPU.Build.0 = Debug|Any CPU
		{7A7A10AA-524D-4489-987B-43DFA697A4B4}.Release|Any CPU.ActiveCfg = Release|Any CPU
		{7A7A10AA-524D-4489-987B-43DFA697A4B4}.Release|Any CPU.Build.0 = Release|Any CPU
		{5DD2E118-A135-4D7C-AB80-752AEAD8F7D2}.Debug|Any CPU.ActiveCfg = Debug|Any CPU
		{5DD2E118-A135-4D7C-AB80-752AEAD8F7D2}.Debug|Any CPU.Build.0 = Debug|Any CPU
		{5DD2E118-A135-4D7C-AB80-752AEAD8F7D2}.Release|Any CPU.ActiveCfg = Release|Any CPU
		{5DD2E118-A135-4D7C-AB80-752AEAD8F7D2}.Release|Any CPU.Build.0 = Release|Any CPU
		{B3B77014-9E38-4F99-AA99-3EAD06109DD2}.Debug|Any CPU.ActiveCfg = Debug|Any CPU
		{B3B77014-9E38-4F99-AA99-3EAD06109DD2}.Debug|Any CPU.Build.0 = Debug|Any CPU
		{B3B77014-9E38-4F99-AA99-3EAD06109DD2}.Release|Any CPU.ActiveCfg = Release|Any CPU
		{B3B77014-9E38-4F99-AA99-3EAD06109DD2}.Release|Any CPU.Build.0 = Release|Any CPU
		{F9877EB6-F7B1-46E4-B614-575DACC11CBA}.Debug|Any CPU.ActiveCfg = Debug|Any CPU
		{F9877EB6-F7B1-46E4-B614-575DACC11CBA}.Debug|Any CPU.Build.0 = Debug|Any CPU
		{F9877EB6-F7B1-46E4-B614-575DACC11CBA}.Release|Any CPU.ActiveCfg = Release|Any CPU
		{F9877EB6-F7B1-46E4-B614-575DACC11CBA}.Release|Any CPU.Build.0 = Release|Any CPU
	EndGlobalSection
	GlobalSection(SolutionProperties) = preSolution
		HideSolutionNode = FALSE
	EndGlobalSection
	GlobalSection(NestedProjects) = preSolution
		{D324EF72-E53C-4101-8C52-A803D46E58A0} = {003FB6A6-3183-43BF-AA5F-3DC2A187478E}
		{E905BD4E-99E1-4406-A00F-24D849274B07} = {003FB6A6-3183-43BF-AA5F-3DC2A187478E}
		{9A4F2F44-D750-42EA-8EF1-8F5662239E8E} = {003FB6A6-3183-43BF-AA5F-3DC2A187478E}
		{B357B719-C574-45FE-B5B6-7C58F4D2B806} = {003FB6A6-3183-43BF-AA5F-3DC2A187478E}
		{116FE5A8-EF9D-4A6A-B942-025174EC81B5} = {003FB6A6-3183-43BF-AA5F-3DC2A187478E}
		{A27D6845-3995-44F7-994B-44704F0D981E} = {003FB6A6-3183-43BF-AA5F-3DC2A187478E}
		{7A7A10AA-524D-4489-987B-43DFA697A4B4} = {003FB6A6-3183-43BF-AA5F-3DC2A187478E}
		{5DD2E118-A135-4D7C-AB80-752AEAD8F7D2} = {003FB6A6-3183-43BF-AA5F-3DC2A187478E}
		{B3B77014-9E38-4F99-AA99-3EAD06109DD2} = {003FB6A6-3183-43BF-AA5F-3DC2A187478E}
		{F9877EB6-F7B1-46E4-B614-575DACC11CBA} = {003FB6A6-3183-43BF-AA5F-3DC2A187478E}
	EndGlobalSection
	GlobalSection(ExtensibilityGlobals) = postSolution
		SolutionGuid = {39ACC678-3F6C-4958-BBC2-D8CBBE13A6E1}
	EndGlobalSection
EndGlobal
